
Microsoft Visual Studio Solution File, Format Version 12.00
# Visual Studio 2015
Project("{FAE04EC0-301F-11D3-BF4B-00C04F79EFBC}") = "RunUnityChan.CSharp", "RunUnityChan.CSharp.csproj", "{51182941-9E44-AD0E-27E2-170031D95CBC}"
EndProject
Project("{FAE04EC0-301F-11D3-BF4B-00C04F79EFBC}") = "RunUnityChan.CSharp.Editor", "RunUnityChan.CSharp.Editor.csproj", "{E21B691A-7E72-5638-49BD-F49F6C733F50}"
EndProject
Global
	GlobalSection(SolutionConfigurationPlatforms) = preSolution
		Debug|Any CPU = Debug|Any CPU
		Release|Any CPU = Release|Any CPU
	EndGlobalSection
	GlobalSection(ProjectConfigurationPlatforms) = postSolution
		{51182941-9E44-AD0E-27E2-170031D95CBC}.Debug|Any CPU.ActiveCfg = Debug|Any CPU
		{51182941-9E44-AD0E-27E2-170031D95CBC}.Debug|Any CPU.Build.0 = Debug|Any CPU
		{51182941-9E44-AD0E-27E2-170031D95CBC}.Release|Any CPU.ActiveCfg = Release|Any CPU
		{51182941-9E44-AD0E-27E2-170031D95CBC}.Release|Any CPU.Build.0 = Release|Any CPU
		{E21B691A-7E72-5638-49BD-F49F6C733F50}.Debug|Any CPU.ActiveCfg = Debug|Any CPU
		{E21B691A-7E72-5638-49BD-F49F6C733F50}.Debug|Any CPU.Build.0 = Debug|Any CPU
		{E21B691A-7E72-5638-49BD-F49F6C733F50}.Release|Any CPU.ActiveCfg = Release|Any CPU
		{E21B691A-7E72-5638-49BD-F49F6C733F50}.Release|Any CPU.Build.0 = Release|Any CPU
	EndGlobalSection
	GlobalSection(SolutionProperties) = preSolution
		HideSolutionNode = FALSE
	EndGlobalSection
EndGlobal
